// !$*UTF8*$!
{
	archiveVersion = 1;
	classes = {
	};
	objectVersion = 46;
	objects = {

/* Begin PBXBuildFile section */
		990378331BD40F7B002EDC83 /* Protocols.swift in Sources */ = {isa = PBXBuildFile; fileRef = 990378321BD40F7B002EDC83 /* Protocols.swift */; };
		9956DDC41BCDEB01000F9164 /* main.swift in Sources */ = {isa = PBXBuildFile; fileRef = 9956DDC31BCDEB01000F9164 /* main.swift */; };
		9956DDD81BCDFCCC000F9164 /* Money.swift in Sources */ = {isa = PBXBuildFile; fileRef = 9956DDD71BCDFCCC000F9164 /* Money.swift */; };
		9956DDDA1BCDFFC9000F9164 /* Job.swift in Sources */ = {isa = PBXBuildFile; fileRef = 9956DDD91BCDFFC9000F9164 /* Job.swift */; };
		9956DDDC1BCE0139000F9164 /* Person.swift in Sources */ = {isa = PBXBuildFile; fileRef = 9956DDDB1BCE0139000F9164 /* Person.swift */; };
		9956DDDE1BCE0186000F9164 /* Family.swift in Sources */ = {isa = PBXBuildFile; fileRef = 9956DDDD1BCE0186000F9164 /* Family.swift */; };
/* End PBXBuildFile section */

/* Begin PBXCopyFilesBuildPhase section */
		9956DDBE1BCDEB01000F9164 /* CopyFiles */ = {
			isa = PBXCopyFilesBuildPhase;
			buildActionMask = 2147483647;
			dstPath = /usr/share/man/man1/;
			dstSubfolderSpec = 0;
			files = (
			);
			runOnlyForDeploymentPostprocessing = 1;
		};
/* End PBXCopyFilesBuildPhase section */

/* Begin PBXFileReference section */
		990378321BD40F7B002EDC83 /* Protocols.swift */ = {isa = PBXFileReference; fileEncoding = 4; lastKnownFileType = sourcecode.swift; path = Protocols.swift; sourceTree = "<group>"; };
		9956DDC01BCDEB01000F9164 /* domain-modeling */ = {isa = PBXFileReference; explicitFileType = "compiled.mach-o.executable"; includeInIndex = 0; path = "domain-modeling"; sourceTree = BUILT_PRODUCTS_DIR; };
		9956DDC31BCDEB01000F9164 /* main.swift */ = {isa = PBXFileReference; lastKnownFileType = sourcecode.swift; path = main.swift; sourceTree = "<group>"; };
		9956DDD71BCDFCCC000F9164 /* Money.swift */ = {isa = PBXFileReference; fileEncoding = 4; lastKnownFileType = sourcecode.swift; path = Money.swift; sourceTree = "<group>"; };
		9956DDD91BCDFFC9000F9164 /* Job.swift */ = {isa = PBXFileReference; fileEncoding = 4; lastKnownFileType = sourcecode.swift; path = Job.swift; sourceTree = "<group>"; };
		9956DDDB1BCE0139000F9164 /* Person.swift */ = {isa = PBXFileReference; fileEncoding = 4; lastKnownFileType = sourcecode.swift; path = Person.swift; sourceTree = "<group>"; };
		9956DDDD1BCE0186000F9164 /* Family.swift */ = {isa = PBXFileReference; fileEncoding = 4; lastKnownFileType = sourcecode.swift; path = Family.swift; sourceTree = "<group>"; };
/* End PBXFileReference section */

/* Begin PBXFrameworksBuildPhase section */
		9956DDBD1BCDEB01000F9164 /* Frameworks */ = {
			isa = PBXFrameworksBuildPhase;
			buildActionMask = 2147483647;
			files = (
			);
			runOnlyForDeploymentPostprocessing = 0;
		};
/* End PBXFrameworksBuildPhase section */

/* Begin PBXGroup section */
		9956DDB71BCDEB01000F9164 = {
			isa = PBXGroup;
			children = (
				9956DDC21BCDEB01000F9164 /* domain-modeling */,
				9956DDC11BCDEB01000F9164 /* Products */,
			);
			sourceTree = "<group>";
		};
		9956DDC11BCDEB01000F9164 /* Products */ = {
			isa = PBXGroup;
			children = (
				9956DDC01BCDEB01000F9164 /* domain-modeling */,
			);
			name = Products;
			sourceTree = "<group>";
		};
		9956DDC21BCDEB01000F9164 /* domain-modeling */ = {
			isa = PBXGroup;
			children = (
				9956DDC31BCDEB01000F9164 /* main.swift */,
				9956DDD71BCDFCCC000F9164 /* Money.swift */,
				9956DDD91BCDFFC9000F9164 /* Job.swift */,
				9956DDDB1BCE0139000F9164 /* Person.swift */,
				9956DDDD1BCE0186000F9164 /* Family.swift */,
				990378321BD40F7B002EDC83 /* Protocols.swift */,
			);
			path = "domain-modeling";
			sourceTree = "<group>";
		};
/* End PBXGroup section */

/* Begin PBXNativeTarget section */
		9956DDBF1BCDEB01000F9164 /* domain-modeling */ = {
			isa = PBXNativeTarget;
			buildConfigurationList = 9956DDC71BCDEB01000F9164 /* Build configuration list for PBXNativeTarget "domain-modeling" */;
			buildPhases = (
				9956DDBC1BCDEB01000F9164 /* Sources */,
				9956DDBD1BCDEB01000F9164 /* Frameworks */,
				9956DDBE1BCDEB01000F9164 /* CopyFiles */,
			);
			buildRules = (
			);
			dependencies = (
			);
			name = "domain-modeling";
			productName = "domain-modeling";
			productReference = 9956DDC01BCDEB01000F9164 /* domain-modeling */;
			productType = "com.apple.product-type.tool";
		};
/* End PBXNativeTarget section */

/* Begin PBXProject section */
		9956DDB81BCDEB01000F9164 /* Project object */ = {
			isa = PBXProject;
			attributes = {
				LastUpgradeCheck = 0640;
				ORGANIZATIONNAME = "Weschler, Sabrina";
				TargetAttributes = {
					9956DDBF1BCDEB01000F9164 = {
						CreatedOnToolsVersion = 6.4;
					};
				};
			};
			buildConfigurationList = 9956DDBB1BCDEB01000F9164 /* Build configuration list for PBXProject "domain-modeling" */;
			compatibilityVersion = "Xcode 3.2";
			developmentRegion = English;
			hasScannedForEncodings = 0;
			knownRegions = (
				en,
			);
			mainGroup = 9956DDB71BCDEB01000F9164;
			productRefGroup = 9956DDC11BCDEB01000F9164 /* Products */;
			projectDirPath = "";
			projectRoot = "";
			targets = (
				9956DDBF1BCDEB01000F9164 /* domain-modeling */,
			);
		};
/* End PBXProject section */

/* Begin PBXSourcesBuildPhase section */
		9956DDBC1BCDEB01000F9164 /* Sources */ = {
			isa = PBXSourcesBuildPhase;
			buildActionMask = 2147483647;
			files = (
				9956DDDE1BCE0186000F9164 /* Family.swift in Sources */,
				9956DDD81BCDFCCC000F9164 /* Money.swift in Sources */,
				9956DDDA1BCDFFC9000F9164 /* Job.swift in Sources */,
				990378331BD40F7B002EDC83 /* Protocols.swift in Sources */,
				9956DDDC1BCE0139000F9164 /* Person.swift in Sources */,
				9956DDC41BCDEB01000F9164 /* main.swift in Sources */,
			);
			runOnlyForDeploymentPostprocessing = 0;
		};
/* End PBXSourcesBuildPhase section */

/* Begin XCBuildConfiguration section */
		9956DDC51BCDEB01000F9164 /* Debug */ = {
			isa = XCBuildConfiguration;
			buildSettings = {
				ALWAYS_SEARCH_USER_PATHS = NO;
				CLANG_CXX_LANGUAGE_STANDARD = "gnu++0x";
				CLANG_CXX_LIBRARY = "libc++";
				CLANG_ENABLE_MODULES = YES;
				CLANG_ENABLE_OBJC_ARC = YES;
				CLANG_WARN_BOOL_CONVERSION = YES;
				CLANG_WARN_CONSTANT_CONVERSION = YES;
				CLANG_WARN_DIRECT_OBJC_ISA_USAGE = YES_ERROR;
				CLANG_WARN_EMPTY_BODY = YES;
				CLANG_WARN_ENUM_CONVERSION = YES;
				CLANG_WARN_INT_CONVERSION = YES;
				CLANG_WARN_OBJC_ROOT_CLASS = YES_ERROR;
				CLANG_WARN_UNREACHABLE_CODE = YES;
				CLANG_WARN__DUPLICATE_METHOD_MATCH = YES;
				COPY_PHASE_STRIP = NO;
				DEBUG_INFORMATION_FORMAT = dwarf;
				ENABLE_STRICT_OBJC_MSGSEND = YES;
				GCC_C_LANGUAGE_STANDARD = gnu99;
				GCC_DYNAMIC_NO_PIC = NO;
				GCC_NO_COMMON_BLOCKS = YES;
				GCC_OPTIMIZATION_LEVEL = 0;
				GCC_PREPROCESSOR_DEFINITIONS = (
					"DEBUG=1",
					"$(inherited)",
				);
				GCC_SYMBOLS_PRIVATE_EXTERN = NO;
				GCC_WARN_64_TO_32_BIT_CONVERSION = YES;
				GCC_WARN_ABOUT_RETURN_TYPE = YES_ERROR;
				GCC_WARN_UNDECLARED_SELECTOR = YES;
				GCC_WARN_UNINITIALIZED_AUTOS = YES_AGGRESSIVE;
				GCC_WARN_UNUSED_FUNCTION = YES;
				GCC_WARN_UNUSED_VARIABLE = YES;
				MACOSX_DEPLOYMENT_TARGET = 10.10;
				MTL_ENABLE_DEBUG_INFO = YES;
				ONLY_ACTIVE_ARCH = YES;
				SDKROOT = macosx;
				SWIFT_OPTIMIZATION_LEVEL = "-Onone";
			};
			name = Debug;
		};
		9956DDC61BCDEB01000F9164 /* Release */ = {
			isa = XCBuildConfiguration;
			buildSettings = {
				ALWAYS_SEARCH_USER_PATHS = NO;
				CLANG_CXX_LANGUAGE_STANDARD = "gnu++0x";
				CLANG_CXX_LIBRARY = "libc++";
				CLANG_ENABLE_MODULES = YES;
				CLANG_ENABLE_OBJC_ARC = YES;
				CLANG_WARN_BOOL_CONVERSION = YES;
				CLANG_WARN_CONSTANT_CONVERSION = YES;
				CLANG_WARN_DIRECT_OBJC_ISA_USAGE = YES_ERROR;
				CLANG_WARN_EMPTY_BODY = YES;
				CLANG_WARN_ENUM_CONVERSION = YES;
				CLANG_WARN_INT_CONVERSION = YES;
				CLANG_WARN_OBJC_ROOT_CLASS = YES_ERROR;
				CLANG_WARN_UNREACHABLE_CODE = YES;
				CLANG_WARN__DUPLICATE_METHOD_MATCH = YES;
				COPY_PHASE_STRIP = NO;
				DEBUG_INFORMATION_FORMAT = "dwarf-with-dsym";
				ENABLE_NS_ASSERTIONS = NO;
				ENABLE_STRICT_OBJC_MSGSEND = YES;
				GCC_C_LANGUAGE_STANDARD = gnu99;
				GCC_NO_COMMON_BLOCKS = YES;
				GCC_WARN_64_TO_32_BIT_CONVERSION = YES;
				GCC_WARN_ABOUT_RETURN_TYPE = YES_ERROR;
				GCC_WARN_UNDECLARED_SELECTOR = YES;
				GCC_WARN_UNINITIALIZED_AUTOS = YES_AGGRESSIVE;
				GCC_WARN_UNUSED_FUNCTION = YES;
				GCC_WARN_UNUSED_VARIABLE = YES;
				MACOSX_DEPLOYMENT_TARGET = 10.10;
				MTL_ENABLE_DEBUG_INFO = NO;
				SDKROOT = macosx;
			};
			name = Release;
		};
		9956DDC81BCDEB01000F9164 /* Debug */ = {
			isa = XCBuildConfiguration;
			buildSettings = {
				PRODUCT_NAME = "$(TARGET_NAME)";
			};
			name = Debug;
		};
		9956DDC91BCDEB01000F9164 /* Release */ = {
			isa = XCBuildConfiguration;
			buildSettings = {
				PRODUCT_NAME = "$(TARGET_NAME)";
			};
			name = Release;
		};
/* End XCBuildConfiguration section */

/* Begin XCConfigurationList section */
		9956DDBB1BCDEB01000F9164 /* Build configuration list for PBXProject "domain-modeling" */ = {
			isa = XCConfigurationList;
			buildConfigurations = (
				9956DDC51BCDEB01000F9164 /* Debug */,
				9956DDC61BCDEB01000F9164 /* Release */,
			);
			defaultConfigurationIsVisible = 0;
			defaultConfigurationName = Release;
		};
		9956DDC71BCDEB01000F9164 /* Build configuration list for PBXNativeTarget "domain-modeling" */ = {
			isa = XCConfigurationList;
			buildConfigurations = (
				9956DDC81BCDEB01000F9164 /* Debug */,
				9956DDC91BCDEB01000F9164 /* Release */,
			);
			defaultConfigurationIsVisible = 0;
			defaultConfigurationName = Release;
		};
/* End XCConfigurationList section */
	};
	rootObject = 9956DDB81BCDEB01000F9164 /* Project object */;
}
